
Microsoft Visual Studio Solution File, Format Version 12.00
# Visual Studio Version 17
VisualStudioVersion = 17.0.31903.59
MinimumVisualStudioVersion = 10.0.40219.1
Project("{FAE04EC0-301F-11D3-BF4B-00C04F79EFBC}") = "MyPrograms.BackEnd", "MyPrograms.BackEnd\MyPrograms.BackEnd.csproj", "{64E810C6-4626-4BF8-AEA9-5DBAEB83A61B}"
EndProject
Project("{FAE04EC0-301F-11D3-BF4B-00C04F79EFBC}") = "MyPrograms.Mobile", "MyPrograms.Mobile\MyPrograms.Mobile.csproj", "{81314410-FB5A-4E3D-A035-F2600717884E}"
EndProject
Global
	GlobalSection(SolutionConfigurationPlatforms) = preSolution
		Debug|Any CPU = Debug|Any CPU
		Release|Any CPU = Release|Any CPU
	EndGlobalSection
	GlobalSection(SolutionProperties) = preSolution
		HideSolutionNode = FALSE
	EndGlobalSection
	GlobalSection(ProjectConfigurationPlatforms) = postSolution
		{64E810C6-4626-4BF8-AEA9-5DBAEB83A61B}.Debug|Any CPU.ActiveCfg = Debug|Any CPU
		{64E810C6-4626-4BF8-AEA9-5DBAEB83A61B}.Debug|Any CPU.Build.0 = Debug|Any CPU
		{64E810C6-4626-4BF8-AEA9-5DBAEB83A61B}.Release|Any CPU.ActiveCfg = Release|Any CPU
		{64E810C6-4626-4BF8-AEA9-5DBAEB83A61B}.Release|Any CPU.Build.0 = Release|Any CPU
		{81314410-FB5A-4E3D-A035-F2600717884E}.Debug|Any CPU.ActiveCfg = Debug|Any CPU
		{81314410-FB5A-4E3D-A035-F2600717884E}.Debug|Any CPU.Build.0 = Debug|Any CPU
		{81314410-FB5A-4E3D-A035-F2600717884E}.Release|Any CPU.ActiveCfg = Release|Any CPU
		{81314410-FB5A-4E3D-A035-F2600717884E}.Release|Any CPU.Build.0 = Release|Any CPU
	EndGlobalSection
EndGlobal
